
Microsoft Visual Studio Solution File, Format Version 12.00
# Visual Studio Version 17
VisualStudioVersion = 17.5.33312.197
MinimumVisualStudioVersion = 10.0.40219.1
Project("{9A19103F-16F7-4668-BE54-9A1E7A4F7556}") = "ProductCategory", "ProductCategory\ProductCategory.csproj", "{F1FACAB7-D1F1-455F-BC97-655D764D8CE5}"
EndProject
Project("{FAE04EC0-301F-11D3-BF4B-00C04F79EFBC}") = "Contracts", "Contracts\Contracts.csproj", "{67FC6046-3162-4631-ABC8-CDA73F5778EF}"
EndProject
Project("{FAE04EC0-301F-11D3-BF4B-00C04F79EFBC}") = "LoggerService", "LoggerService\LoggerService.csproj", "{AF1363BE-CC34-4350-9564-7B08402041CE}"
EndProject
Global
	GlobalSection(SolutionConfigurationPlatforms) = preSolution
		Debug|Any CPU = Debug|Any CPU
		Release|Any CPU = Release|Any CPU
	EndGlobalSection
	GlobalSection(ProjectConfigurationPlatforms) = postSolution
		{F1FACAB7-D1F1-455F-BC97-655D764D8CE5}.Debug|Any CPU.ActiveCfg = Debug|Any CPU
		{F1FACAB7-D1F1-455F-BC97-655D764D8CE5}.Debug|Any CPU.Build.0 = Debug|Any CPU
		{F1FACAB7-D1F1-455F-BC97-655D764D8CE5}.Release|Any CPU.ActiveCfg = Release|Any CPU
		{F1FACAB7-D1F1-455F-BC97-655D764D8CE5}.Release|Any CPU.Build.0 = Release|Any CPU
		{67FC6046-3162-4631-ABC8-CDA73F5778EF}.Debug|Any CPU.ActiveCfg = Debug|Any CPU
		{67FC6046-3162-4631-ABC8-CDA73F5778EF}.Debug|Any CPU.Build.0 = Debug|Any CPU
		{67FC6046-3162-4631-ABC8-CDA73F5778EF}.Release|Any CPU.ActiveCfg = Release|Any CPU
		{67FC6046-3162-4631-ABC8-CDA73F5778EF}.Release|Any CPU.Build.0 = Release|Any CPU
		{AF1363BE-CC34-4350-9564-7B08402041CE}.Debug|Any CPU.ActiveCfg = Debug|Any CPU
		{AF1363BE-CC34-4350-9564-7B08402041CE}.Debug|Any CPU.Build.0 = Debug|Any CPU
		{AF1363BE-CC34-4350-9564-7B08402041CE}.Release|Any CPU.ActiveCfg = Release|Any CPU
		{AF1363BE-CC34-4350-9564-7B08402041CE}.Release|Any CPU.Build.0 = Release|Any CPU
	EndGlobalSection
	GlobalSection(SolutionProperties) = preSolution
		HideSolutionNode = FALSE
	EndGlobalSection
	GlobalSection(ExtensibilityGlobals) = postSolution
		SolutionGuid = {4F19F4E6-A36E-444C-AD38-F2C920A23365}
	EndGlobalSection
EndGlobal
